
Microsoft Visual Studio Solution File, Format Version 12.00
# Visual Studio Version 17
VisualStudioVersion = 17.10.35027.167
MinimumVisualStudioVersion = 10.0.40219.1
Project("{FAE04EC0-301F-11D3-BF4B-00C04F79EFBC}") = "ConsoleUI", "ConsoleUI\ConsoleUI.csproj", "{D624FF3F-C43B-4A0B-A990-DC881E06183B}"
EndProject
Project("{FAE04EC0-301F-11D3-BF4B-00C04F79EFBC}") = "GuestBookLibrary", "GuestBookLibrary\GuestBookLibrary.csproj", "{74E9C0A9-595B-4D31-9294-4FEB190FEFD2}"
EndProject
Global
	GlobalSection(SolutionConfigurationPlatforms) = preSolution
		Debug|Any CPU = Debug|Any CPU
		Release|Any CPU = Release|Any CPU
	EndGlobalSection
	GlobalSection(ProjectConfigurationPlatforms) = postSolution
		{D624FF3F-C43B-4A0B-A990-DC881E06183B}.Debug|Any CPU.ActiveCfg = Debug|Any CPU
		{D624FF3F-C43B-4A0B-A990-DC881E06183B}.Debug|Any CPU.Build.0 = Debug|Any CPU
		{D624FF3F-C43B-4A0B-A990-DC881E06183B}.Release|Any CPU.ActiveCfg = Release|Any CPU
		{D624FF3F-C43B-4A0B-A990-DC881E06183B}.Release|Any CPU.Build.0 = Release|Any CPU
		{74E9C0A9-595B-4D31-9294-4FEB190FEFD2}.Debug|Any CPU.ActiveCfg = Debug|Any CPU
		{74E9C0A9-595B-4D31-9294-4FEB190FEFD2}.Debug|Any CPU.Build.0 = Debug|Any CPU
		{74E9C0A9-595B-4D31-9294-4FEB190FEFD2}.Release|Any CPU.ActiveCfg = Release|Any CPU
		{74E9C0A9-595B-4D31-9294-4FEB190FEFD2}.Release|Any CPU.Build.0 = Release|Any CPU
	EndGlobalSection
	GlobalSection(SolutionProperties) = preSolution
		HideSolutionNode = FALSE
	EndGlobalSection
	GlobalSection(ExtensibilityGlobals) = postSolution
		SolutionGuid = {D548FE21-4676-406F-B136-6E9A265BD14A}
	EndGlobalSection
EndGlobal
